// !$*UTF8*$!
{
	archiveVersion = 1;
	classes = {
	};
	objectVersion = 77;
	objects = {

/* Begin PBXBuildFile section */
		A82036642F653B14009D14E3 /* OperationsViewModel.swift in Sources */ = {isa = PBXBuildFile; fileRef = A82036632F653B14009D14E3 /* OperationsViewModel.swift */; };
		A865774A2F6319930029071D /* BuildingSlot.swift in Sources */ = {isa = PBXBuildFile; fileRef = A86577492F6319930029071D /* BuildingSlot.swift */; };
		A865774E2F631D020029071D /* PurchasableBuilding.swift in Sources */ = {isa = PBXBuildFile; fileRef = A865774D2F631D020029071D /* PurchasableBuilding.swift */; };
		A86577502F631D340029071D /* BuildingCatalog.swift in Sources */ = {isa = PBXBuildFile; fileRef = A865774F2F631D340029071D /* BuildingCatalog.swift */; };
		A86577522F634F0B0029071D /* MineMarketListing.swift in Sources */ = {isa = PBXBuildFile; fileRef = A86577512F634F0B0029071D /* MineMarketListing.swift */; };
		A86577542F6353440029071D /* MineMarketService.swift in Sources */ = {isa = PBXBuildFile; fileRef = A86577532F6353440029071D /* MineMarketService.swift */; };
		A8AB73742F61B7D00012C9BC /* GoogleService-Info.plist in Resources */ = {isa = PBXBuildFile; fileRef = A8AB73732F61B7D00012C9BC /* GoogleService-Info.plist */; };
		A8AB73772F61B7F70012C9BC /* FirebaseAuth in Frameworks */ = {isa = PBXBuildFile; productRef = A8AB73762F61B7F70012C9BC /* FirebaseAuth */; };
		A8AB73792F61B7F70012C9BC /* FirebaseCore in Frameworks */ = {isa = PBXBuildFile; productRef = A8AB73782F61B7F70012C9BC /* FirebaseCore */; };
		A8AB737B2F61B7F70012C9BC /* FirebaseFirestore in Frameworks */ = {isa = PBXBuildFile; productRef = A8AB737A2F61B7F70012C9BC /* FirebaseFirestore */; };
		A8AB73852F61D4CD0012C9BC /* HomeView.swift in Sources */ = {isa = PBXBuildFile; fileRef = A8AB73842F61D4CD0012C9BC /* HomeView.swift */; };
		A8AB73872F61D5090012C9BC /* OperationsView.swift in Sources */ = {isa = PBXBuildFile; fileRef = A8AB73862F61D5090012C9BC /* OperationsView.swift */; };
		A8AB73892F61D5460012C9BC /* MarketView.swift in Sources */ = {isa = PBXBuildFile; fileRef = A8AB73882F61D5460012C9BC /* MarketView.swift */; };
		A8AB738B2F61D5680012C9BC /* StocksView.swift in Sources */ = {isa = PBXBuildFile; fileRef = A8AB738A2F61D5680012C9BC /* StocksView.swift */; };
		A8AB738D2F61D57F0012C9BC /* InventoryView.swift in Sources */ = {isa = PBXBuildFile; fileRef = A8AB738C2F61D57F0012C9BC /* InventoryView.swift */; };
		A8AB738F2F61D5960012C9BC /* ProfileView.swift in Sources */ = {isa = PBXBuildFile; fileRef = A8AB738E2F61D5960012C9BC /* ProfileView.swift */; };
		A8AB73912F61E1340012C9BC /* DashboardCard.swift in Sources */ = {isa = PBXBuildFile; fileRef = A8AB73902F61E1340012C9BC /* DashboardCard.swift */; };
		A8AB73932F61E3200012C9BC /* PlayerProfile.swift in Sources */ = {isa = PBXBuildFile; fileRef = A8AB73922F61E3200012C9BC /* PlayerProfile.swift */; };
		A8AB73952F61E4AF0012C9BC /* Mine.swift in Sources */ = {isa = PBXBuildFile; fileRef = A8AB73942F61E4AF0012C9BC /* Mine.swift */; };
		A8AB73972F61E4E20012C9BC /* ResourceType.swift in Sources */ = {isa = PBXBuildFile; fileRef = A8AB73962F61E4E20012C9BC /* ResourceType.swift */; };
		A8AB73992F61E5D90012C9BC /* ItemCategory.swift in Sources */ = {isa = PBXBuildFile; fileRef = A8AB73982F61E5D90012C9BC /* ItemCategory.swift */; };
		A8AB739B2F61E5FB0012C9BC /* Item.swift in Sources */ = {isa = PBXBuildFile; fileRef = A8AB739A2F61E5FB0012C9BC /* Item.swift */; };
		A8AB739D2F61E6EB0012C9BC /* InventoryItem.swift in Sources */ = {isa = PBXBuildFile; fileRef = A8AB739C2F61E6EB0012C9BC /* InventoryItem.swift */; };
		A8AB739F2F61E7DA0012C9BC /* RecipeIngredient.swift in Sources */ = {isa = PBXBuildFile; fileRef = A8AB739E2F61E7DA0012C9BC /* RecipeIngredient.swift */; };
		A8AB73A12F61E7E80012C9BC /* Recipe.swift in Sources */ = {isa = PBXBuildFile; fileRef = A8AB73A02F61E7E80012C9BC /* Recipe.swift */; };
		A8AB73A32F61E88C0012C9BC /* OperationType.swift in Sources */ = {isa = PBXBuildFile; fileRef = A8AB73A22F61E88C0012C9BC /* OperationType.swift */; };
		A8AB73A52F61E8DA0012C9BC /* Operation.swift in Sources */ = {isa = PBXBuildFile; fileRef = A8AB73A42F61E8DA0012C9BC /* Operation.swift */; };
		A8AB73A72F61EDEA0012C9BC /* Machine.swift in Sources */ = {isa = PBXBuildFile; fileRef = A8AB73A62F61EDEA0012C9BC /* Machine.swift */; };
		A8AB73A92F61EE0E0012C9BC /* OperationDetailView.swift in Sources */ = {isa = PBXBuildFile; fileRef = A8AB73A82F61EE0E0012C9BC /* OperationDetailView.swift */; };
		A8AB73AB2F61EEEB0012C9BC /* MarketListing.swift in Sources */ = {isa = PBXBuildFile; fileRef = A8AB73AA2F61EEEB0012C9BC /* MarketListing.swift */; };
		A8AB73AD2F61EF570012C9BC /* Stock.swift in Sources */ = {isa = PBXBuildFile; fileRef = A8AB73AC2F61EF570012C9BC /* Stock.swift */; };
		A8AB73AF2F61F0C90012C9BC /* StockPricePoint.swift in Sources */ = {isa = PBXBuildFile; fileRef = A8AB73AE2F61F0C90012C9BC /* StockPricePoint.swift */; };
		A8AB73B12F61F20F0012C9BC /* ProspectingJob.swift in Sources */ = {isa = PBXBuildFile; fileRef = A8AB73B02F61F20F0012C9BC /* ProspectingJob.swift */; };
		A8AB73B32F61FEC30012C9BC /* PlayerProfileService.swift in Sources */ = {isa = PBXBuildFile; fileRef = A8AB73B22F61FEC30012C9BC /* PlayerProfileService.swift */; };
		A8AB73B52F62075A0012C9BC /* InventoryService.swift in Sources */ = {isa = PBXBuildFile; fileRef = A8AB73B42F62075A0012C9BC /* InventoryService.swift */; };
		A8AB73B72F620B8A0012C9BC /* OwnedMineService.swift in Sources */ = {isa = PBXBuildFile; fileRef = A8AB73B62F620B8A0012C9BC /* OwnedMineService.swift */; };
		A8AB73B92F6275F80012C9BC /* BuildingType.swift in Sources */ = {isa = PBXBuildFile; fileRef = A8AB73B82F6275F80012C9BC /* BuildingType.swift */; };
		A8AB73BB2F6276340012C9BC /* Building.swift in Sources */ = {isa = PBXBuildFile; fileRef = A8AB73BA2F6276340012C9BC /* Building.swift */; };
		A8AB73BD2F6277730012C9BC /* BuildingDetailView.swift in Sources */ = {isa = PBXBuildFile; fileRef = A8AB73BC2F6277730012C9BC /* BuildingDetailView.swift */; };
		A8AB73BF2F628A060012C9BC /* BuildingService.swift in Sources */ = {isa = PBXBuildFile; fileRef = A8AB73BE2F628A060012C9BC /* BuildingService.swift */; };
		A8AB73C12F62911A0012C9BC /* ProspectingService.swift in Sources */ = {isa = PBXBuildFile; fileRef = A8AB73C02F62911A0012C9BC /* ProspectingService.swift */; };
		A8AB73C32F62939D0012C9BC /* MarketListingService.swift in Sources */ = {isa = PBXBuildFile; fileRef = A8AB73C22F62939D0012C9BC /* MarketListingService.swift */; };
		A8AB73C52F62F4A40012C9BC /* StockService.swift in Sources */ = {isa = PBXBuildFile; fileRef = A8AB73C42F62F4A40012C9BC /* StockService.swift */; };
		A8AB73C72F62F77D0012C9BC /* CPUOrder.swift in Sources */ = {isa = PBXBuildFile; fileRef = A8AB73C62F62F77D0012C9BC /* CPUOrder.swift */; };
		A8AB73C92F62F8310012C9BC /* CPUOrderService.swift in Sources */ = {isa = PBXBuildFile; fileRef = A8AB73C82F62F8310012C9BC /* CPUOrderService.swift */; };
		A8AB73CB2F62F8CB0012C9BC /* WorldState.swift in Sources */ = {isa = PBXBuildFile; fileRef = A8AB73CA2F62F8CB0012C9BC /* WorldState.swift */; };
		A8AB73CD2F62F8F60012C9BC /* WorldStateService.swift in Sources */ = {isa = PBXBuildFile; fileRef = A8AB73CC2F62F8F60012C9BC /* WorldStateService.swift */; };
		A8AB73CF2F62FB5B0012C9BC /* MarketOrder.swift in Sources */ = {isa = PBXBuildFile; fileRef = A8AB73CE2F62FB5B0012C9BC /* MarketOrder.swift */; };
		A8AB73D12F62FB880012C9BC /* MarketOrderService.swift in Sources */ = {isa = PBXBuildFile; fileRef = A8AB73D02F62FB880012C9BC /* MarketOrderService.swift */; };
		A8AB73D32F62FC2E0012C9BC /* ItemService.swift in Sources */ = {isa = PBXBuildFile; fileRef = A8AB73D22F62FC2E0012C9BC /* ItemService.swift */; };
		A8AB73D52F62FC5F0012C9BC /* RecipeService.swift in Sources */ = {isa = PBXBuildFile; fileRef = A8AB73D42F62FC5F0012C9BC /* RecipeService.swift */; };
		A8AB73D72F62FC9C0012C9BC /* StockPosition.swift in Sources */ = {isa = PBXBuildFile; fileRef = A8AB73D62F62FC9C0012C9BC /* StockPosition.swift */; };
		A8AB73D92F62FCB20012C9BC /* StockPositionService.swift in Sources */ = {isa = PBXBuildFile; fileRef = A8AB73D82F62FCB20012C9BC /* StockPositionService.swift */; };
		A8AB73DB2F62FCE10012C9BC /* AppNotification.swift in Sources */ = {isa = PBXBuildFile; fileRef = A8AB73DA2F62FCE10012C9BC /* AppNotification.swift */; };
		A8AB73DD2F62FCF80012C9BC /* NotificationService.swift in Sources */ = {isa = PBXBuildFile; fileRef = A8AB73DC2F62FCF80012C9BC /* NotificationService.swift */; };
		A8AB73DF2F62FD2A0012C9BC /* TransactionRecord.swift in Sources */ = {isa = PBXBuildFile; fileRef = A8AB73DE2F62FD2A0012C9BC /* TransactionRecord.swift */; };
		A8AB73E12F62FD3F0012C9BC /* TransactionService.swift in Sources */ = {isa = PBXBuildFile; fileRef = A8AB73E02F62FD3F0012C9BC /* TransactionService.swift */; };
		A8AB73E32F62FF6F0012C9BC /* ProductionService.swift in Sources */ = {isa = PBXBuildFile; fileRef = A8AB73E22F62FF6F0012C9BC /* ProductionService.swift */; };
		A8AB73F12F62FF78012C9BC /* OperationDetailViewModel.swift in Sources */ = {isa = PBXBuildFile; fileRef = A8AB73F02F62FF78012C9BC /* OperationDetailViewModel.swift */; };
		A8AB73F32F62FF79012C9BC /* BuildingDetailViewModel.swift in Sources */ = {isa = PBXBuildFile; fileRef = A8AB73F22F62FF79012C9BC /* BuildingDetailViewModel.swift */; };
		A8AB73F52F62FF7A0012C9BC /* InventoryViewModel.swift in Sources */ = {isa = PBXBuildFile; fileRef = A8AB73F42F62FF7A0012C9BC /* InventoryViewModel.swift */; };
		A8AB73F72F62FF7B0012C9BC /* MarketViewModel.swift in Sources */ = {isa = PBXBuildFile; fileRef = A8AB73F62F62FF7B0012C9BC /* MarketViewModel.swift */; };
		A8AB73F92F62FF7C0012C9BC /* HomeViewModel.swift in Sources */ = {isa = PBXBuildFile; fileRef = A8AB73F82F62FF7C0012C9BC /* HomeViewModel.swift */; };
		A8AB73FB2F62FF7D0012C9BC /* ProfileViewModel.swift in Sources */ = {isa = PBXBuildFile; fileRef = A8AB73FA2F62FF7D0012C9BC /* ProfileViewModel.swift */; };
		A8AB73FD2F62FF7E0012C9BC /* StocksViewModel.swift in Sources */ = {isa = PBXBuildFile; fileRef = A8AB73FC2F62FF7E0012C9BC /* StocksViewModel.swift */; };
		A8AB73FF2F62FF7F0012C9BC /* ContentViewModel.swift in Sources */ = {isa = PBXBuildFile; fileRef = A8AB73FE2F62FF7F0012C9BC /* ContentViewModel.swift */; };
		A8AB74042F630004012C9BC /* Date+Formatting.swift in Sources */ = {isa = PBXBuildFile; fileRef = A8AB74032F630003012C9BC /* Date+Formatting.swift */; };
		A8AB740A2F63000A012C9BC /* AppTheme.swift in Sources */ = {isa = PBXBuildFile; fileRef = A8AB740B2F63000B012C9BC /* AppTheme.swift */; };
/* End PBXBuildFile section */

/* Begin PBXFileReference section */
		A82036632F653B14009D14E3 /* OperationsViewModel.swift */ = {isa = PBXFileReference; lastKnownFileType = sourcecode.swift; path = OperationsViewModel.swift; sourceTree = "<group>"; };
		A86577492F6319930029071D /* BuildingSlot.swift */ = {isa = PBXFileReference; lastKnownFileType = sourcecode.swift; path = BuildingSlot.swift; sourceTree = "<group>"; };
		A865774D2F631D020029071D /* PurchasableBuilding.swift */ = {isa = PBXFileReference; lastKnownFileType = sourcecode.swift; path = PurchasableBuilding.swift; sourceTree = "<group>"; };
		A865774F2F631D340029071D /* BuildingCatalog.swift */ = {isa = PBXFileReference; lastKnownFileType = sourcecode.swift; path = "BuildingCatalog.swift"; sourceTree = "<group>"; };
		A86577512F634F0B0029071D /* MineMarketListing.swift */ = {isa = PBXFileReference; lastKnownFileType = sourcecode.swift; path = MineMarketListing.swift; sourceTree = "<group>"; };
		A86577532F6353440029071D /* MineMarketService.swift */ = {isa = PBXFileReference; lastKnownFileType = sourcecode.swift; path = MineMarketService.swift; sourceTree = "<group>"; };
		A8AB73652F61B7B20012C9BC /* Boardroom Tycoon.app */ = {isa = PBXFileReference; explicitFileType = wrapper.application; includeInIndex = 0; path = "Boardroom Tycoon.app"; sourceTree = BUILT_PRODUCTS_DIR; };
		A8AB73732F61B7D00012C9BC /* GoogleService-Info.plist */ = {isa = PBXFileReference; lastKnownFileType = text.plist.xml; path = "GoogleService-Info.plist"; sourceTree = "<group>"; };
		A8AB73842F61D4CD0012C9BC /* HomeView.swift */ = {isa = PBXFileReference; lastKnownFileType = sourcecode.swift; path = HomeView.swift; sourceTree = "<group>"; };
		A8AB73862F61D5090012C9BC /* OperationsView.swift */ = {isa = PBXFileReference; lastKnownFileType = sourcecode.swift; path = OperationsView.swift; sourceTree = "<group>"; };
		A8AB73882F61D5460012C9BC /* MarketView.swift */ = {isa = PBXFileReference; lastKnownFileType = sourcecode.swift; path = MarketView.swift; sourceTree = "<group>"; };
		A8AB738A2F61D5680012C9BC /* StocksView.swift */ = {isa = PBXFileReference; lastKnownFileType = sourcecode.swift; path = StocksView.swift; sourceTree = "<group>"; };
		A8AB738C2F61D57F0012C9BC /* InventoryView.swift */ = {isa = PBXFileReference; lastKnownFileType = sourcecode.swift; path = InventoryView.swift; sourceTree = "<group>"; };
		A8AB738E2F61D5960012C9BC /* ProfileView.swift */ = {isa = PBXFileReference; lastKnownFileType = sourcecode.swift; path = ProfileView.swift; sourceTree = "<group>"; };
		A8AB73902F61E1340012C9BC /* DashboardCard.swift */ = {isa = PBXFileReference; lastKnownFileType = sourcecode.swift; path = "DashboardCard.swift"; sourceTree = "<group>"; };
		A8AB73922F61E3200012C9BC /* PlayerProfile.swift */ = {isa = PBXFileReference; lastKnownFileType = sourcecode.swift; path = PlayerProfile.swift; sourceTree = "<group>"; };
		A8AB73942F61E4AF0012C9BC /* Mine.swift */ = {isa = PBXFileReference; lastKnownFileType = sourcecode.swift; path = Mine.swift; sourceTree = "<group>"; };
		A8AB73962F61E4E20012C9BC /* ResourceType.swift */ = {isa = PBXFileReference; lastKnownFileType = sourcecode.swift; path = ResourceType.swift; sourceTree = "<group>"; };
		A8AB73982F61E5D90012C9BC /* ItemCategory.swift */ = {isa = PBXFileReference; lastKnownFileType = sourcecode.swift; path = ItemCategory.swift; sourceTree = "<group>"; };
		A8AB739A2F61E5FB0012C9BC /* Item.swift */ = {isa = PBXFileReference; lastKnownFileType = sourcecode.swift; path = Item.swift; sourceTree = "<group>"; };
		A8AB739C2F61E6EB0012C9BC /* InventoryItem.swift */ = {isa = PBXFileReference; lastKnownFileType = sourcecode.swift; path = InventoryItem.swift; sourceTree = "<group>"; };
		A8AB739E2F61E7DA0012C9BC /* RecipeIngredient.swift */ = {isa = PBXFileReference; lastKnownFileType = sourcecode.swift; path = RecipeIngredient.swift; sourceTree = "<group>"; };
		A8AB73A02F61E7E80012C9BC /* Recipe.swift */ = {isa = PBXFileReference; lastKnownFileType = sourcecode.swift; path = Recipe.swift; sourceTree = "<group>"; };
		A8AB73A22F61E88C0012C9BC /* OperationType.swift */ = {isa = PBXFileReference; lastKnownFileType = sourcecode.swift; path = OperationType.swift; sourceTree = "<group>"; };
		A8AB73A42F61E8DA0012C9BC /* Operation.swift */ = {isa = PBXFileReference; lastKnownFileType = sourcecode.swift; path = Operation.swift; sourceTree = "<group>"; };
		A8AB73A62F61EDEA0012C9BC /* Machine.swift */ = {isa = PBXFileReference; lastKnownFileType = sourcecode.swift; path = Machine.swift; sourceTree = "<group>"; };
		A8AB73A82F61EE0E0012C9BC /* OperationDetailView.swift */ = {isa = PBXFileReference; lastKnownFileType = sourcecode.swift; path = OperationDetailView.swift; sourceTree = "<group>"; };
		A8AB73AA2F61EEEB0012C9BC /* MarketListing.swift */ = {isa = PBXFileReference; lastKnownFileType = sourcecode.swift; path = MarketListing.swift; sourceTree = "<group>"; };
		A8AB73AC2F61EF570012C9BC /* Stock.swift */ = {isa = PBXFileReference; lastKnownFileType = sourcecode.swift; path = Stock.swift; sourceTree = "<group>"; };
		A8AB73AE2F61F0C90012C9BC /* StockPricePoint.swift */ = {isa = PBXFileReference; lastKnownFileType = sourcecode.swift; path = StockPricePoint.swift; sourceTree = "<group>"; };
		A8AB73B02F61F20F0012C9BC /* ProspectingJob.swift */ = {isa = PBXFileReference; lastKnownFileType = sourcecode.swift; path = ProspectingJob.swift; sourceTree = "<group>"; };
		A8AB73B22F61FEC30012C9BC /* PlayerProfileService.swift */ = {isa = PBXFileReference; lastKnownFileType = sourcecode.swift; path = PlayerProfileService.swift; sourceTree = "<group>"; };
		A8AB73B42F62075A0012C9BC /* InventoryService.swift */ = {isa = PBXFileReference; lastKnownFileType = sourcecode.swift; path = InventoryService.swift; sourceTree = "<group>"; };
		A8AB73B62F620B8A0012C9BC /* OwnedMineService.swift */ = {isa = PBXFileReference; lastKnownFileType = sourcecode.swift; path = OwnedMineService.swift; sourceTree = "<group>"; };
		A8AB73B82F6275F80012C9BC /* BuildingType.swift */ = {isa = PBXFileReference; lastKnownFileType = sourcecode.swift; path = BuildingType.swift; sourceTree = "<group>"; };
		A8AB73BA2F6276340012C9BC /* Building.swift */ = {isa = PBXFileReference; lastKnownFileType = sourcecode.swift; path = Building.swift; sourceTree = "<group>"; };
		A8AB73BC2F6277730012C9BC /* BuildingDetailView.swift */ = {isa = PBXFileReference; lastKnownFileType = sourcecode.swift; path = BuildingDetailView.swift; sourceTree = "<group>"; };
		A8AB73BE2F628A060012C9BC /* BuildingService.swift */ = {isa = PBXFileReference; lastKnownFileType = sourcecode.swift; path = BuildingService.swift; sourceTree = "<group>"; };
		A8AB73C02F62911A0012C9BC /* ProspectingService.swift */ = {isa = PBXFileReference; lastKnownFileType = sourcecode.swift; path = ProspectingService.swift; sourceTree = "<group>"; };
		A8AB73C22F62939D0012C9BC /* MarketListingService.swift */ = {isa = PBXFileReference; lastKnownFileType = sourcecode.swift; path = MarketListingService.swift; sourceTree = "<group>"; };
		A8AB73C42F62F4A40012C9BC /* StockService.swift */ = {isa = PBXFileReference; lastKnownFileType = sourcecode.swift; path = StockService.swift; sourceTree = "<group>"; };
		A8AB73C62F62F77D0012C9BC /* CPUOrder.swift */ = {isa = PBXFileReference; lastKnownFileType = sourcecode.swift; path = CPUOrder.swift; sourceTree = "<group>"; };
		A8AB73C82F62F8310012C9BC /* CPUOrderService.swift */ = {isa = PBXFileReference; lastKnownFileType = sourcecode.swift; path = CPUOrderService.swift; sourceTree = "<group>"; };
		A8AB73CA2F62F8CB0012C9BC /* WorldState.swift */ = {isa = PBXFileReference; lastKnownFileType = sourcecode.swift; path = WorldState.swift; sourceTree = "<group>"; };
		A8AB73CC2F62F8F60012C9BC /* WorldStateService.swift */ = {isa = PBXFileReference; lastKnownFileType = sourcecode.swift; path = WorldStateService.swift; sourceTree = "<group>"; };
		A8AB73CE2F62FB5B0012C9BC /* MarketOrder.swift */ = {isa = PBXFileReference; lastKnownFileType = sourcecode.swift; path = MarketOrder.swift; sourceTree = "<group>"; };
		A8AB73D02F62FB880012C9BC /* MarketOrderService.swift */ = {isa = PBXFileReference; lastKnownFileType = sourcecode.swift; path = MarketOrderService.swift; sourceTree = "<group>"; };
		A8AB73D22F62FC2E0012C9BC /* ItemService.swift */ = {isa = PBXFileReference; lastKnownFileType = sourcecode.swift; path = ItemService.swift; sourceTree = "<group>"; };
		A8AB73D42F62FC5F0012C9BC /* RecipeService.swift */ = {isa = PBXFileReference; lastKnownFileType = sourcecode.swift; path = RecipeService.swift; sourceTree = "<group>"; };
		A8AB73D62F62FC9C0012C9BC /* StockPosition.swift */ = {isa = PBXFileReference; lastKnownFileType = sourcecode.swift; path = StockPosition.swift; sourceTree = "<group>"; };
		A8AB73D82F62FCB20012C9BC /* StockPositionService.swift */ = {isa = PBXFileReference; lastKnownFileType = sourcecode.swift; path = StockPositionService.swift; sourceTree = "<group>"; };
		A8AB73DA2F62FCE10012C9BC /* AppNotification.swift */ = {isa = PBXFileReference; lastKnownFileType = sourcecode.swift; path = AppNotification.swift; sourceTree = "<group>"; };
		A8AB73DC2F62FCF80012C9BC /* NotificationService.swift */ = {isa = PBXFileReference; lastKnownFileType = sourcecode.swift; path = NotificationService.swift; sourceTree = "<group>"; };
		A8AB73DE2F62FD2A0012C9BC /* TransactionRecord.swift */ = {isa = PBXFileReference; lastKnownFileType = sourcecode.swift; path = TransactionRecord.swift; sourceTree = "<group>"; };
		A8AB73E02F62FD3F0012C9BC /* TransactionService.swift */ = {isa = PBXFileReference; lastKnownFileType = sourcecode.swift; path = TransactionService.swift; sourceTree = "<group>"; };
		A8AB73E22F62FF6F0012C9BC /* ProductionService.swift */ = {isa = PBXFileReference; lastKnownFileType = sourcecode.swift; path = ProductionService.swift; sourceTree = "<group>"; };
		A8AB73F02F62FF78012C9BC /* OperationDetailViewModel.swift */ = {isa = PBXFileReference; lastKnownFileType = sourcecode.swift; path = OperationDetailViewModel.swift; sourceTree = "<group>"; };
		A8AB73F22F62FF79012C9BC /* BuildingDetailViewModel.swift */ = {isa = PBXFileReference; lastKnownFileType = sourcecode.swift; path = BuildingDetailViewModel.swift; sourceTree = "<group>"; };
		A8AB73F42F62FF7A0012C9BC /* InventoryViewModel.swift */ = {isa = PBXFileReference; lastKnownFileType = sourcecode.swift; path = InventoryViewModel.swift; sourceTree = "<group>"; };
		A8AB73F62F62FF7B0012C9BC /* MarketViewModel.swift */ = {isa = PBXFileReference; lastKnownFileType = sourcecode.swift; path = MarketViewModel.swift; sourceTree = "<group>"; };
		A8AB73F82F62FF7C0012C9BC /* HomeViewModel.swift */ = {isa = PBXFileReference; lastKnownFileType = sourcecode.swift; path = HomeViewModel.swift; sourceTree = "<group>"; };
		A8AB73FA2F62FF7D0012C9BC /* ProfileViewModel.swift */ = {isa = PBXFileReference; lastKnownFileType = sourcecode.swift; path = ProfileViewModel.swift; sourceTree = "<group>"; };
		A8AB73FC2F62FF7E0012C9BC /* StocksViewModel.swift */ = {isa = PBXFileReference; lastKnownFileType = sourcecode.swift; path = StocksViewModel.swift; sourceTree = "<group>"; };
		A8AB73FE2F62FF7F0012C9BC /* ContentViewModel.swift */ = {isa = PBXFileReference; lastKnownFileType = sourcecode.swift; path = ContentViewModel.swift; sourceTree = "<group>"; };
		A8AB74032F630003012C9BC /* Date+Formatting.swift */ = {isa = PBXFileReference; lastKnownFileType = sourcecode.swift; path = "Date+Formatting.swift"; sourceTree = "<group>"; };
		A8AB740B2F63000B012C9BC /* AppTheme.swift */ = {isa = PBXFileReference; lastKnownFileType = sourcecode.swift; path = AppTheme.swift; sourceTree = "<group>"; };
/* End PBXFileReference section */

/* Begin PBXFileSystemSynchronizedRootGroup section */
		A8AB73672F61B7B20012C9BC /* Boardroom Tycoon */ = {
			isa = PBXFileSystemSynchronizedRootGroup;
			path = "Boardroom Tycoon";
			sourceTree = "<group>";
		};
/* End PBXFileSystemSynchronizedRootGroup section */

/* Begin PBXFrameworksBuildPhase section */
		A8AB73622F61B7B20012C9BC /* Frameworks */ = {
			isa = PBXFrameworksBuildPhase;
			buildActionMask = 2147483647;
			files = (
				A8AB73792F61B7F70012C9BC /* FirebaseCore in Frameworks */,
				A8AB73772F61B7F70012C9BC /* FirebaseAuth in Frameworks */,
				A8AB737B2F61B7F70012C9BC /* FirebaseFirestore in Frameworks */,
			);
			runOnlyForDeploymentPostprocessing = 0;
		};
/* End PBXFrameworksBuildPhase section */

/* Begin PBXGroup section */
		A8AB735C2F61B7B20012C9BC = {
			isa = PBXGroup;
			children = (
				A8AB73822F61D3DA0012C9BC /* Utilities */,
				A8AB74022F630002012C9BC /* Extensions */,
				A8AB73802F61D3840012C9BC /* Services */,
				A8AB737F2F61D3760012C9BC /* ViewModels */,
				A8AB737E2F61D3610012C9BC /* Views */,
				A8AB737D2F61D35B0012C9BC /* Models */,
				A8AB73732F61B7D00012C9BC /* GoogleService-Info.plist */,
				A8AB737C2F61D3080012C9BC /* App */,
				A8AB73662F61B7B20012C9BC /* Products */,
			);
			sourceTree = "<group>";
		};
		A8AB73662F61B7B20012C9BC /* Products */ = {
			isa = PBXGroup;
			children = (
				A8AB73652F61B7B20012C9BC /* Boardroom Tycoon.app */,
			);
			name = Products;
			sourceTree = "<group>";
		};
		A8AB737C2F61D3080012C9BC /* App */ = {
			isa = PBXGroup;
			children = (
				A8AB73672F61B7B20012C9BC /* Boardroom Tycoon */,
			);
			path = App;
			sourceTree = "<group>";
		};
		A8AB737D2F61D35B0012C9BC /* Models */ = {
			isa = PBXGroup;
			children = (
				A8AB74012F630001012C9BC /* Catalogs */,
				A8AB73922F61E3200012C9BC /* PlayerProfile.swift */,
				A8AB73942F61E4AF0012C9BC /* Mine.swift */,
				A8AB73962F61E4E20012C9BC /* ResourceType.swift */,
				A8AB73982F61E5D90012C9BC /* ItemCategory.swift */,
				A8AB739A2F61E5FB0012C9BC /* Item.swift */,
				A8AB739C2F61E6EB0012C9BC /* InventoryItem.swift */,
				A8AB739E2F61E7DA0012C9BC /* RecipeIngredient.swift */,
				A8AB73A02F61E7E80012C9BC /* Recipe.swift */,
				A8AB73A22F61E88C0012C9BC /* OperationType.swift */,
				A8AB73A42F61E8DA0012C9BC /* Operation.swift */,
				A8AB73A62F61EDEA0012C9BC /* Machine.swift */,
				A8AB73AA2F61EEEB0012C9BC /* MarketListing.swift */,
				A8AB73AC2F61EF570012C9BC /* Stock.swift */,
				A8AB73AE2F61F0C90012C9BC /* StockPricePoint.swift */,
				A8AB73B02F61F20F0012C9BC /* ProspectingJob.swift */,
				A8AB73B82F6275F80012C9BC /* BuildingType.swift */,
				A8AB73BA2F6276340012C9BC /* Building.swift */,
				A8AB73C62F62F77D0012C9BC /* CPUOrder.swift */,
				A8AB73CA2F62F8CB0012C9BC /* WorldState.swift */,
				A8AB73CE2F62FB5B0012C9BC /* MarketOrder.swift */,
				A8AB73D62F62FC9C0012C9BC /* StockPosition.swift */,
				A8AB73DA2F62FCE10012C9BC /* AppNotification.swift */,
				A8AB73DE2F62FD2A0012C9BC /* TransactionRecord.swift */,
				A86577492F6319930029071D /* BuildingSlot.swift */,
				A865774D2F631D020029071D /* PurchasableBuilding.swift */,
				A86577512F634F0B0029071D /* MineMarketListing.swift */,
			);
			path = Models;
			sourceTree = "<group>";
		};
		A8AB74012F630001012C9BC /* Catalogs */ = {
			isa = PBXGroup;
			children = (
				A865774F2F631D340029071D /* BuildingCatalog.swift */,
			);
			path = Catalogs;
			sourceTree = "<group>";
		};
		A8AB737E2F61D3610012C9BC /* Views */ = {
			isa = PBXGroup;
			children = (
				A8AB74002F630000012C9BC /* Components */,
				A8AB73842F61D4CD0012C9BC /* HomeView.swift */,
				A8AB73862F61D5090012C9BC /* OperationsView.swift */,
				A8AB73882F61D5460012C9BC /* MarketView.swift */,
				A8AB738A2F61D5680012C9BC /* StocksView.swift */,
				A8AB738C2F61D57F0012C9BC /* InventoryView.swift */,
				A8AB738E2F61D5960012C9BC /* ProfileView.swift */,
				A8AB73A82F61EE0E0012C9BC /* OperationDetailView.swift */,
				A8AB73BC2F6277730012C9BC /* BuildingDetailView.swift */,
			);
			path = Views;
			sourceTree = "<group>";
		};
		A8AB74002F630000012C9BC /* Components */ = {
			isa = PBXGroup;
			children = (
				A8AB73902F61E1340012C9BC /* DashboardCard.swift */,
			);
			path = Components;
			sourceTree = "<group>";
		};
		A8AB737F2F61D3760012C9BC /* ViewModels */ = {
			isa = PBXGroup;
			children = (
				A82036632F653B14009D14E3 /* OperationsViewModel.swift */,
				A8AB73F02F62FF78012C9BC /* OperationDetailViewModel.swift */,
				A8AB73F22F62FF79012C9BC /* BuildingDetailViewModel.swift */,
				A8AB73F42F62FF7A0012C9BC /* InventoryViewModel.swift */,
				A8AB73F62F62FF7B0012C9BC /* MarketViewModel.swift */,
				A8AB73F82F62FF7C0012C9BC /* HomeViewModel.swift */,
				A8AB73FA2F62FF7D0012C9BC /* ProfileViewModel.swift */,
				A8AB73FC2F62FF7E0012C9BC /* StocksViewModel.swift */,
				A8AB73FE2F62FF7F0012C9BC /* ContentViewModel.swift */,
			);
			path = ViewModels;
			sourceTree = "<group>";
		};
		A8AB73802F61D3840012C9BC /* Services */ = {
			isa = PBXGroup;
			children = (
				A8AB74052F630005012C9BC /* Buildings */,
				A8AB74062F630006012C9BC /* Market */,
				A8AB74072F630007012C9BC /* Inventory */,
				A8AB74082F630008012C9BC /* Stocks */,
				A8AB74092F630009012C9BC /* Player */,
				A8AB73C82F62F8310012C9BC /* CPUOrderService.swift */,
				A8AB73CC2F62F8F60012C9BC /* WorldStateService.swift */,
			);
			path = Services;
			sourceTree = "<group>";
		};
		A8AB74052F630005012C9BC /* Buildings */ = {
			isa = PBXGroup;
			children = (
				A8AB73BE2F628A060012C9BC /* BuildingService.swift */,
				A8AB73E22F62FF6F0012C9BC /* ProductionService.swift */,
				A8AB73C02F62911A0012C9BC /* ProspectingService.swift */,
				A86577532F6353440029071D /* MineMarketService.swift */,
				A8AB73B62F620B8A0012C9BC /* OwnedMineService.swift */,
			);
			path = Buildings;
			sourceTree = "<group>";
		};
		A8AB74062F630006012C9BC /* Market */ = {
			isa = PBXGroup;
			children = (
				A8AB73C22F62939D0012C9BC /* MarketListingService.swift */,
				A8AB73D02F62FB880012C9BC /* MarketOrderService.swift */,
			);
			path = Market;
			sourceTree = "<group>";
		};
		A8AB74072F630007012C9BC /* Inventory */ = {
			isa = PBXGroup;
			children = (
				A8AB73B42F62075A0012C9BC /* InventoryService.swift */,
				A8AB73D22F62FC2E0012C9BC /* ItemService.swift */,
				A8AB73D42F62FC5F0012C9BC /* RecipeService.swift */,
			);
			path = Inventory;
			sourceTree = "<group>";
		};
		A8AB74082F630008012C9BC /* Stocks */ = {
			isa = PBXGroup;
			children = (
				A8AB73C42F62F4A40012C9BC /* StockService.swift */,
				A8AB73D82F62FCB20012C9BC /* StockPositionService.swift */,
			);
			path = Stocks;
			sourceTree = "<group>";
		};
		A8AB74092F630009012C9BC /* Player */ = {
			isa = PBXGroup;
			children = (
				A8AB73B22F61FEC30012C9BC /* PlayerProfileService.swift */,
				A8AB73E02F62FD3F0012C9BC /* TransactionService.swift */,
				A8AB73DC2F62FCF80012C9BC /* NotificationService.swift */,
			);
			path = Player;
			sourceTree = "<group>";
		};
		A8AB73822F61D3DA0012C9BC /* Utilities */ = {
			isa = PBXGroup;
			children = (
			);
			path = Utilities;
			sourceTree = "<group>";
		};
		A8AB74022F630002012C9BC /* Extensions */ = {
			isa = PBXGroup;
			children = (
				A8AB74032F630003012C9BC /* Date+Formatting.swift */,
				A8AB740B2F63000B012C9BC /* AppTheme.swift */,
			);
			path = Extensions;
			sourceTree = "<group>";
		};
/* End PBXGroup section */

/* Begin PBXNativeTarget section */
		A8AB73642F61B7B20012C9BC /* Boardroom Tycoon */ = {
			isa = PBXNativeTarget;
			buildConfigurationList = A8AB73702F61B7B40012C9BC /* Build configuration list for PBXNativeTarget "Boardroom Tycoon" */;
			buildPhases = (
				A8AB73612F61B7B20012C9BC /* Sources */,
				A8AB73622F61B7B20012C9BC /* Frameworks */,
				A8AB73632F61B7B20012C9BC /* Resources */,
			);
			buildRules = (
			);
			dependencies = (
			);
			fileSystemSynchronizedGroups = (
				A8AB73672F61B7B20012C9BC /* Boardroom Tycoon */,
			);
			name = "Boardroom Tycoon";
			packageProductDependencies = (
				A8AB73762F61B7F70012C9BC /* FirebaseAuth */,
				A8AB73782F61B7F70012C9BC /* FirebaseCore */,
				A8AB737A2F61B7F70012C9BC /* FirebaseFirestore */,
			);
			productName = "Boardroom Tycoon";
			productReference = A8AB73652F61B7B20012C9BC /* Boardroom Tycoon.app */;
			productType = "com.apple.product-type.application";
		};
/* End PBXNativeTarget section */

/* Begin PBXProject section */
		A8AB735D2F61B7B20012C9BC /* Project object */ = {
			isa = PBXProject;
			attributes = {
				BuildIndependentTargetsInParallel = 1;
				LastSwiftUpdateCheck = 2630;
				LastUpgradeCheck = 2630;
				TargetAttributes = {
					A8AB73642F61B7B20012C9BC = {
						CreatedOnToolsVersion = 26.3;
					};
				};
			};
			buildConfigurationList = A8AB73602F61B7B20012C9BC /* Build configuration list for PBXProject "Boardroom Tycoon" */;
			developmentRegion = en;
			hasScannedForEncodings = 0;
			knownRegions = (
				en,
				Base,
			);
			mainGroup = A8AB735C2F61B7B20012C9BC;
			minimizedProjectReferenceProxies = 1;
			packageReferences = (
				A8AB73752F61B7F70012C9BC /* XCRemoteSwiftPackageReference "firebase-ios-sdk" */,
			);
			preferredProjectObjectVersion = 77;
			productRefGroup = A8AB73662F61B7B20012C9BC /* Products */;
			projectDirPath = "";
			projectRoot = "";
			targets = (
				A8AB73642F61B7B20012C9BC /* Boardroom Tycoon */,
			);
		};
/* End PBXProject section */

/* Begin PBXResourcesBuildPhase section */
		A8AB73632F61B7B20012C9BC /* Resources */ = {
			isa = PBXResourcesBuildPhase;
			buildActionMask = 2147483647;
			files = (
				A8AB73742F61B7D00012C9BC /* GoogleService-Info.plist in Resources */,
			);
			runOnlyForDeploymentPostprocessing = 0;
		};
/* End PBXResourcesBuildPhase section */

/* Begin PBXSourcesBuildPhase section */
		A8AB73612F61B7B20012C9BC /* Sources */ = {
			isa = PBXSourcesBuildPhase;
			buildActionMask = 2147483647;
			files = (
				A8AB73D32F62FC2E0012C9BC /* ItemService.swift in Sources */,
				A86577522F634F0B0029071D /* MineMarketListing.swift in Sources */,
				A8AB73B72F620B8A0012C9BC /* OwnedMineService.swift in Sources */,
				A8AB73B12F61F20F0012C9BC /* ProspectingJob.swift in Sources */,
				A8AB739D2F61E6EB0012C9BC /* InventoryItem.swift in Sources */,
				A8AB73932F61E3200012C9BC /* PlayerProfile.swift in Sources */,
				A8AB73AD2F61EF570012C9BC /* Stock.swift in Sources */,
				A8AB73B32F61FEC30012C9BC /* PlayerProfileService.swift in Sources */,
				A8AB739F2F61E7DA0012C9BC /* RecipeIngredient.swift in Sources */,
				A86577542F6353440029071D /* MineMarketService.swift in Sources */,
				A865774E2F631D020029071D /* PurchasableBuilding.swift in Sources */,
				A8AB73DB2F62FCE10012C9BC /* AppNotification.swift in Sources */,
				A8AB73BB2F6276340012C9BC /* Building.swift in Sources */,
				A8AB738F2F61D5960012C9BC /* ProfileView.swift in Sources */,
				A8AB73B92F6275F80012C9BC /* BuildingType.swift in Sources */,
				A8AB73E32F62FF6F0012C9BC /* ProductionService.swift in Sources */,
				A8AB73C12F62911A0012C9BC /* ProspectingService.swift in Sources */,
				A8AB73AB2F61EEEB0012C9BC /* MarketListing.swift in Sources */,
				A8AB73A92F61EE0E0012C9BC /* OperationDetailView.swift in Sources */,
				A8AB73852F61D4CD0012C9BC /* HomeView.swift in Sources */,
				A8AB73A12F61E7E80012C9BC /* Recipe.swift in Sources */,
				A8AB73CD2F62F8F60012C9BC /* WorldStateService.swift in Sources */,
				A8AB73892F61D5460012C9BC /* MarketView.swift in Sources */,
				A8AB73C92F62F8310012C9BC /* CPUOrderService.swift in Sources */,
				A8AB73C32F62939D0012C9BC /* MarketListingService.swift in Sources */,
				A8AB73C72F62F77D0012C9BC /* CPUOrder.swift in Sources */,
				A8AB73BF2F628A060012C9BC /* BuildingService.swift in Sources */,
				A8AB73E12F62FD3F0012C9BC /* TransactionService.swift in Sources */,
				A8AB73DF2F62FD2A0012C9BC /* TransactionRecord.swift in Sources */,
				A8AB73CB2F62F8CB0012C9BC /* WorldState.swift in Sources */,
				A8AB73DD2F62FCF80012C9BC /* NotificationService.swift in Sources */,
				A8AB739B2F61E5FB0012C9BC /* Item.swift in Sources */,
				A8AB73A52F61E8DA0012C9BC /* Operation.swift in Sources */,
				A8AB73992F61E5D90012C9BC /* ItemCategory.swift in Sources */,
				A8AB73D52F62FC5F0012C9BC /* RecipeService.swift in Sources */,
				A8AB738B2F61D5680012C9BC /* StocksView.swift in Sources */,
				A8AB73912F61E1340012C9BC /* DashboardCard.swift in Sources */,
				A8AB73C52F62F4A40012C9BC /* StockService.swift in Sources */,
				A8AB73D92F62FCB20012C9BC /* StockPositionService.swift in Sources */,
				A8AB73BD2F6277730012C9BC /* BuildingDetailView.swift in Sources */,
				A8AB738D2F61D57F0012C9BC /* InventoryView.swift in Sources */,
				A8AB73AF2F61F0C90012C9BC /* StockPricePoint.swift in Sources */,
				A82036642F653B14009D14E3 /* OperationsViewModel.swift in Sources */,
				A8AB73F12F62FF78012C9BC /* OperationDetailViewModel.swift in Sources */,
				A8AB73F32F62FF79012C9BC /* BuildingDetailViewModel.swift in Sources */,
				A8AB73F52F62FF7A0012C9BC /* InventoryViewModel.swift in Sources */,
				A8AB73F72F62FF7B0012C9BC /* MarketViewModel.swift in Sources */,
				A8AB73F92F62FF7C0012C9BC /* HomeViewModel.swift in Sources */,
				A8AB73FB2F62FF7D0012C9BC /* ProfileViewModel.swift in Sources */,
				A8AB73FD2F62FF7E0012C9BC /* StocksViewModel.swift in Sources */,
				A8AB73FF2F62FF7F0012C9BC /* ContentViewModel.swift in Sources */,
				A8AB74042F630004012C9BC /* Date+Formatting.swift in Sources */,
				A8AB740A2F63000A012C9BC /* AppTheme.swift in Sources */,
				A8AB73A32F61E88C0012C9BC /* OperationType.swift in Sources */,
				A86577502F631D340029071D /* BuildingCatalog.swift in Sources */,
				A8AB73B52F62075A0012C9BC /* InventoryService.swift in Sources */,
				A865774A2F6319930029071D /* BuildingSlot.swift in Sources */,
				A8AB73D12F62FB880012C9BC /* MarketOrderService.swift in Sources */,
				A8AB73872F61D5090012C9BC /* OperationsView.swift in Sources */,
				A8AB73952F61E4AF0012C9BC /* Mine.swift in Sources */,
				A8AB73D72F62FC9C0012C9BC /* StockPosition.swift in Sources */,
				A8AB73CF2F62FB5B0012C9BC /* MarketOrder.swift in Sources */,
				A8AB73A72F61EDEA0012C9BC /* Machine.swift in Sources */,
				A8AB73972F61E4E20012C9BC /* ResourceType.swift in Sources */,
			);
			runOnlyForDeploymentPostprocessing = 0;
		};
/* End PBXSourcesBuildPhase section */

/* Begin XCBuildConfiguration section */
		A8AB736E2F61B7B40012C9BC /* Debug */ = {
			isa = XCBuildConfiguration;
			buildSettings = {
				ALWAYS_SEARCH_USER_PATHS = NO;
				ASSETCATALOG_COMPILER_GENERATE_SWIFT_ASSET_SYMBOL_EXTENSIONS = YES;
				CLANG_ANALYZER_NONNULL = YES;
				CLANG_ANALYZER_NUMBER_OBJECT_CONVERSION = YES_AGGRESSIVE;
				CLANG_CXX_LANGUAGE_STANDARD = "gnu++20";
				CLANG_ENABLE_MODULES = YES;
				CLANG_ENABLE_OBJC_ARC = YES;
				CLANG_ENABLE_OBJC_WEAK = YES;
				CLANG_WARN_BLOCK_CAPTURE_AUTORELEASING = YES;
				CLANG_WARN_BOOL_CONVERSION = YES;
				CLANG_WARN_COMMA = YES;
				CLANG_WARN_CONSTANT_CONVERSION = YES;
				CLANG_WARN_DEPRECATED_OBJC_IMPLEMENTATIONS = YES;
				CLANG_WARN_DIRECT_OBJC_ISA_USAGE = YES_ERROR;
				CLANG_WARN_DOCUMENTATION_COMMENTS = YES;
				CLANG_WARN_EMPTY_BODY = YES;
				CLANG_WARN_ENUM_CONVERSION = YES;
				CLANG_WARN_INFINITE_RECURSION = YES;
				CLANG_WARN_INT_CONVERSION = YES;
				CLANG_WARN_NON_LITERAL_NULL_CONVERSION = YES;
				CLANG_WARN_OBJC_IMPLICIT_RETAIN_SELF = YES;
				CLANG_WARN_OBJC_LITERAL_CONVERSION = YES;
				CLANG_WARN_OBJC_ROOT_CLASS = YES_ERROR;
				CLANG_WARN_QUOTED_INCLUDE_IN_FRAMEWORK_HEADER = YES;
				CLANG_WARN_RANGE_LOOP_ANALYSIS = YES;
				CLANG_WARN_STRICT_PROTOTYPES = YES;
				CLANG_WARN_SUSPICIOUS_MOVE = YES;
				CLANG_WARN_UNGUARDED_AVAILABILITY = YES_AGGRESSIVE;
				CLANG_WARN_UNREACHABLE_CODE = YES;
				CLANG_WARN__DUPLICATE_METHOD_MATCH = YES;
				COPY_PHASE_STRIP = NO;
				DEBUG_INFORMATION_FORMAT = dwarf;
				DEVELOPMENT_TEAM = MQVW5Z68BP;
				ENABLE_STRICT_OBJC_MSGSEND = YES;
				ENABLE_TESTABILITY = YES;
				ENABLE_USER_SCRIPT_SANDBOXING = YES;
				GCC_C_LANGUAGE_STANDARD = gnu17;
				GCC_DYNAMIC_NO_PIC = NO;
				GCC_NO_COMMON_BLOCKS = YES;
				GCC_OPTIMIZATION_LEVEL = 0;
				GCC_PREPROCESSOR_DEFINITIONS = (
					"DEBUG=1",
					"$(inherited)",
				);
				GCC_WARN_64_TO_32_BIT_CONVERSION = YES;
				GCC_WARN_ABOUT_RETURN_TYPE = YES_ERROR;
				GCC_WARN_UNDECLARED_SELECTOR = YES;
				GCC_WARN_UNINITIALIZED_AUTOS = YES_AGGRESSIVE;
				GCC_WARN_UNUSED_FUNCTION = YES;
				GCC_WARN_UNUSED_VARIABLE = YES;
				IPHONEOS_DEPLOYMENT_TARGET = 26.2;
				LOCALIZATION_PREFERS_STRING_CATALOGS = YES;
				MTL_ENABLE_DEBUG_INFO = INCLUDE_SOURCE;
				MTL_FAST_MATH = YES;
				ONLY_ACTIVE_ARCH = YES;
				SDKROOT = iphoneos;
				SWIFT_ACTIVE_COMPILATION_CONDITIONS = "DEBUG $(inherited)";
				SWIFT_OPTIMIZATION_LEVEL = "-Onone";
			};
			name = Debug;
		};
		A8AB736F2F61B7B40012C9BC /* Release */ = {
			isa = XCBuildConfiguration;
			buildSettings = {
				ALWAYS_SEARCH_USER_PATHS = NO;
				ASSETCATALOG_COMPILER_GENERATE_SWIFT_ASSET_SYMBOL_EXTENSIONS = YES;
				CLANG_ANALYZER_NONNULL = YES;
				CLANG_ANALYZER_NUMBER_OBJECT_CONVERSION = YES_AGGRESSIVE;
				CLANG_CXX_LANGUAGE_STANDARD = "gnu++20";
				CLANG_ENABLE_MODULES = YES;
				CLANG_ENABLE_OBJC_ARC = YES;
				CLANG_ENABLE_OBJC_WEAK = YES;
				CLANG_WARN_BLOCK_CAPTURE_AUTORELEASING = YES;
				CLANG_WARN_BOOL_CONVERSION = YES;
				CLANG_WARN_COMMA = YES;
				CLANG_WARN_CONSTANT_CONVERSION = YES;
				CLANG_WARN_DEPRECATED_OBJC_IMPLEMENTATIONS = YES;
				CLANG_WARN_DIRECT_OBJC_ISA_USAGE = YES_ERROR;
				CLANG_WARN_DOCUMENTATION_COMMENTS = YES;
				CLANG_WARN_EMPTY_BODY = YES;
				CLANG_WARN_ENUM_CONVERSION = YES;
				CLANG_WARN_INFINITE_RECURSION = YES;
				CLANG_WARN_INT_CONVERSION = YES;
				CLANG_WARN_NON_LITERAL_NULL_CONVERSION = YES;
				CLANG_WARN_OBJC_IMPLICIT_RETAIN_SELF = YES;
				CLANG_WARN_OBJC_LITERAL_CONVERSION = YES;
				CLANG_WARN_OBJC_ROOT_CLASS = YES_ERROR;
				CLANG_WARN_QUOTED_INCLUDE_IN_FRAMEWORK_HEADER = YES;
				CLANG_WARN_RANGE_LOOP_ANALYSIS = YES;
				CLANG_WARN_STRICT_PROTOTYPES = YES;
				CLANG_WARN_SUSPICIOUS_MOVE = YES;
				CLANG_WARN_UNGUARDED_AVAILABILITY = YES_AGGRESSIVE;
				CLANG_WARN_UNREACHABLE_CODE = YES;
				CLANG_WARN__DUPLICATE_METHOD_MATCH = YES;
				COPY_PHASE_STRIP = NO;
				DEBUG_INFORMATION_FORMAT = "dwarf-with-dsym";
				DEVELOPMENT_TEAM = MQVW5Z68BP;
				ENABLE_NS_ASSERTIONS = NO;
				ENABLE_STRICT_OBJC_MSGSEND = YES;
				ENABLE_USER_SCRIPT_SANDBOXING = YES;
				GCC_C_LANGUAGE_STANDARD = gnu17;
				GCC_NO_COMMON_BLOCKS = YES;
				GCC_WARN_64_TO_32_BIT_CONVERSION = YES;
				GCC_WARN_ABOUT_RETURN_TYPE = YES_ERROR;
				GCC_WARN_UNDECLARED_SELECTOR = YES;
				GCC_WARN_UNINITIALIZED_AUTOS = YES_AGGRESSIVE;
				GCC_WARN_UNUSED_FUNCTION = YES;
				GCC_WARN_UNUSED_VARIABLE = YES;
				IPHONEOS_DEPLOYMENT_TARGET = 26.2;
				LOCALIZATION_PREFERS_STRING_CATALOGS = YES;
				MTL_ENABLE_DEBUG_INFO = NO;
				MTL_FAST_MATH = YES;
				SDKROOT = iphoneos;
				SWIFT_COMPILATION_MODE = wholemodule;
				VALIDATE_PRODUCT = YES;
			};
			name = Release;
		};
		A8AB73712F61B7B40012C9BC /* Debug */ = {
			isa = XCBuildConfiguration;
			buildSettings = {
				ASSETCATALOG_COMPILER_APPICON_NAME = AppIcon;
				ASSETCATALOG_COMPILER_GLOBAL_ACCENT_COLOR_NAME = AccentColor;
				CODE_SIGN_STYLE = Automatic;
				CURRENT_PROJECT_VERSION = 1;
				DEVELOPMENT_TEAM = MQVW5Z68BP;
				ENABLE_PREVIEWS = YES;
				GENERATE_INFOPLIST_FILE = YES;
				INFOPLIST_KEY_UIApplicationSceneManifest_Generation = YES;
				INFOPLIST_KEY_UIApplicationSupportsIndirectInputEvents = YES;
				INFOPLIST_KEY_UILaunchScreen_Generation = YES;
				INFOPLIST_KEY_UISupportedInterfaceOrientations_iPad = "UIInterfaceOrientationPortrait UIInterfaceOrientationPortraitUpsideDown UIInterfaceOrientationLandscapeLeft UIInterfaceOrientationLandscapeRight";
				INFOPLIST_KEY_UISupportedInterfaceOrientations_iPhone = "UIInterfaceOrientationPortrait UIInterfaceOrientationLandscapeLeft UIInterfaceOrientationLandscapeRight";
				LD_RUNPATH_SEARCH_PATHS = (
					"$(inherited)",
					"@executable_path/Frameworks",
				);
				MARKETING_VERSION = 1.0;
				PRODUCT_BUNDLE_IDENTIFIER = "com.brandonmetz.Boardroom-Tycoon";
				PRODUCT_NAME = "$(TARGET_NAME)";
				STRING_CATALOG_GENERATE_SYMBOLS = YES;
				SWIFT_APPROACHABLE_CONCURRENCY = YES;
				SWIFT_DEFAULT_ACTOR_ISOLATION = MainActor;
				SWIFT_EMIT_LOC_STRINGS = YES;
				SWIFT_UPCOMING_FEATURE_MEMBER_IMPORT_VISIBILITY = YES;
				SWIFT_VERSION = 5.0;
				TARGETED_DEVICE_FAMILY = "1,2";
			};
			name = Debug;
		};
		A8AB73722F61B7B40012C9BC /* Release */ = {
			isa = XCBuildConfiguration;
			buildSettings = {
				ASSETCATALOG_COMPILER_APPICON_NAME = AppIcon;
				ASSETCATALOG_COMPILER_GLOBAL_ACCENT_COLOR_NAME = AccentColor;
				CODE_SIGN_STYLE = Automatic;
				CURRENT_PROJECT_VERSION = 1;
				DEVELOPMENT_TEAM = MQVW5Z68BP;
				ENABLE_PREVIEWS = YES;
				GENERATE_INFOPLIST_FILE = YES;
				INFOPLIST_KEY_UIApplicationSceneManifest_Generation = YES;
				INFOPLIST_KEY_UIApplicationSupportsIndirectInputEvents = YES;
				INFOPLIST_KEY_UILaunchScreen_Generation = YES;
				INFOPLIST_KEY_UISupportedInterfaceOrientations_iPad = "UIInterfaceOrientationPortrait UIInterfaceOrientationPortraitUpsideDown UIInterfaceOrientationLandscapeLeft UIInterfaceOrientationLandscapeRight";
				INFOPLIST_KEY_UISupportedInterfaceOrientations_iPhone = "UIInterfaceOrientationPortrait UIInterfaceOrientationLandscapeLeft UIInterfaceOrientationLandscapeRight";
				LD_RUNPATH_SEARCH_PATHS = (
					"$(inherited)",
					"@executable_path/Frameworks",
				);
				MARKETING_VERSION = 1.0;
				PRODUCT_BUNDLE_IDENTIFIER = "com.brandonmetz.Boardroom-Tycoon";
				PRODUCT_NAME = "$(TARGET_NAME)";
				STRING_CATALOG_GENERATE_SYMBOLS = YES;
				SWIFT_APPROACHABLE_CONCURRENCY = YES;
				SWIFT_DEFAULT_ACTOR_ISOLATION = MainActor;
				SWIFT_EMIT_LOC_STRINGS = YES;
				SWIFT_UPCOMING_FEATURE_MEMBER_IMPORT_VISIBILITY = YES;
				SWIFT_VERSION = 5.0;
				TARGETED_DEVICE_FAMILY = "1,2";
			};
			name = Release;
		};
/* End XCBuildConfiguration section */

/* Begin XCConfigurationList section */
		A8AB73602F61B7B20012C9BC /* Build configuration list for PBXProject "Boardroom Tycoon" */ = {
			isa = XCConfigurationList;
			buildConfigurations = (
				A8AB736E2F61B7B40012C9BC /* Debug */,
				A8AB736F2F61B7B40012C9BC /* Release */,
			);
			defaultConfigurationIsVisible = 0;
			defaultConfigurationName = Release;
		};
		A8AB73702F61B7B40012C9BC /* Build configuration list for PBXNativeTarget "Boardroom Tycoon" */ = {
			isa = XCConfigurationList;
			buildConfigurations = (
				A8AB73712F61B7B40012C9BC /* Debug */,
				A8AB73722F61B7B40012C9BC /* Release */,
			);
			defaultConfigurationIsVisible = 0;
			defaultConfigurationName = Release;
		};
/* End XCConfigurationList section */

/* Begin XCRemoteSwiftPackageReference section */
		A8AB73752F61B7F70012C9BC /* XCRemoteSwiftPackageReference "firebase-ios-sdk" */ = {
			isa = XCRemoteSwiftPackageReference;
			repositoryURL = "https://github.com/firebase/firebase-ios-sdk";
			requirement = {
				kind = upToNextMajorVersion;
				minimumVersion = 12.10.0;
			};
		};
/* End XCRemoteSwiftPackageReference section */

/* Begin XCSwiftPackageProductDependency section */
		A8AB73762F61B7F70012C9BC /* FirebaseAuth */ = {
			isa = XCSwiftPackageProductDependency;
			package = A8AB73752F61B7F70012C9BC /* XCRemoteSwiftPackageReference "firebase-ios-sdk" */;
			productName = FirebaseAuth;
		};
		A8AB73782F61B7F70012C9BC /* FirebaseCore */ = {
			isa = XCSwiftPackageProductDependency;
			package = A8AB73752F61B7F70012C9BC /* XCRemoteSwiftPackageReference "firebase-ios-sdk" */;
			productName = FirebaseCore;
		};
		A8AB737A2F61B7F70012C9BC /* FirebaseFirestore */ = {
			isa = XCSwiftPackageProductDependency;
			package = A8AB73752F61B7F70012C9BC /* XCRemoteSwiftPackageReference "firebase-ios-sdk" */;
			productName = FirebaseFirestore;
		};
/* End XCSwiftPackageProductDependency section */
	};
	rootObject = A8AB735D2F61B7B20012C9BC /* Project object */;
}
